
Microsoft Visual Studio Solution File, Format Version 12.00
# Visual Studio Version 17
VisualStudioVersion = 17.11.35312.102
MinimumVisualStudioVersion = 10.0.40219.1
Project("{9A19103F-16F7-4668-BE54-9A1E7A4F7556}") = "PlacementApp", "PlacementApp.csproj", "{54C58D44-F0B4-4896-A7F7-D0B2422CCC49}"
EndProject
Project("{FAE04EC0-301F-11D3-BF4B-00C04F79EFBC}") = "Placement.Infrastructure", "..\Placement.Infrastructure\Placement.Infrastructure.csproj", "{B904C053-6304-4212-B94A-38FA860C50C6}"
EndProject
Project("{FAE04EC0-301F-11D3-BF4B-00C04F79EFBC}") = "Placement.ApplicationCore", "..\Placement.ApplicationCore\Placement.ApplicationCore.csproj", "{F7EFF3B8-23D5-4B62-990C-8B9D20661662}"
EndProject
Global
	GlobalSection(SolutionConfigurationPlatforms) = preSolution
		Debug|Any CPU = Debug|Any CPU
		Release|Any CPU = Release|Any CPU
	EndGlobalSection
	GlobalSection(ProjectConfigurationPlatforms) = postSolution
		{54C58D44-F0B4-4896-A7F7-D0B2422CCC49}.Debug|Any CPU.ActiveCfg = Debug|Any CPU
		{54C58D44-F0B4-4896-A7F7-D0B2422CCC49}.Debug|Any CPU.Build.0 = Debug|Any CPU
		{54C58D44-F0B4-4896-A7F7-D0B2422CCC49}.Release|Any CPU.ActiveCfg = Release|Any CPU
		{54C58D44-F0B4-4896-A7F7-D0B2422CCC49}.Release|Any CPU.Build.0 = Release|Any CPU
		{B904C053-6304-4212-B94A-38FA860C50C6}.Debug|Any CPU.ActiveCfg = Debug|Any CPU
		{B904C053-6304-4212-B94A-38FA860C50C6}.Debug|Any CPU.Build.0 = Debug|Any CPU
		{B904C053-6304-4212-B94A-38FA860C50C6}.Release|Any CPU.ActiveCfg = Release|Any CPU
		{B904C053-6304-4212-B94A-38FA860C50C6}.Release|Any CPU.Build.0 = Release|Any CPU
		{F7EFF3B8-23D5-4B62-990C-8B9D20661662}.Debug|Any CPU.ActiveCfg = Debug|Any CPU
		{F7EFF3B8-23D5-4B62-990C-8B9D20661662}.Debug|Any CPU.Build.0 = Debug|Any CPU
		{F7EFF3B8-23D5-4B62-990C-8B9D20661662}.Release|Any CPU.ActiveCfg = Release|Any CPU
		{F7EFF3B8-23D5-4B62-990C-8B9D20661662}.Release|Any CPU.Build.0 = Release|Any CPU
	EndGlobalSection
	GlobalSection(SolutionProperties) = preSolution
		HideSolutionNode = FALSE
	EndGlobalSection
	GlobalSection(ExtensibilityGlobals) = postSolution
		SolutionGuid = {B2056E62-D965-4ABC-82A6-4609A5951AC9}
	EndGlobalSection
EndGlobal
